
Microsoft Visual Studio Solution File, Format Version 12.00
# Visual Studio Version 16
VisualStudioVersion = 16.0.30804.86
MinimumVisualStudioVersion = 10.0.40219.1
Project("{FAE04EC0-301F-11D3-BF4B-00C04F79EFBC}") = "HW4.26.21ReactPeopleCars.Web", "HW4.26.21ReactPeopleCars.Web\HW4.26.21ReactPeopleCars.Web.csproj", "{55A3EA19-98A9-4AE9-8D85-DC497909DE6C}"
EndProject
Project("{FAE04EC0-301F-11D3-BF4B-00C04F79EFBC}") = "HW4.26.21ReactPeopleCars.Data", "HW4.26.21ReactPeopleCars.Data\HW4.26.21ReactPeopleCars.Data.csproj", "{29FA78CA-3CC5-43C5-9342-07F6CC2D381A}"
EndProject
Global
	GlobalSection(SolutionConfigurationPlatforms) = preSolution
		Debug|Any CPU = Debug|Any CPU
		Release|Any CPU = Release|Any CPU
	EndGlobalSection
	GlobalSection(ProjectConfigurationPlatforms) = postSolution
		{55A3EA19-98A9-4AE9-8D85-DC497909DE6C}.Debug|Any CPU.ActiveCfg = Debug|Any CPU
		{55A3EA19-98A9-4AE9-8D85-DC497909DE6C}.Debug|Any CPU.Build.0 = Debug|Any CPU
		{55A3EA19-98A9-4AE9-8D85-DC497909DE6C}.Release|Any CPU.ActiveCfg = Release|Any CPU
		{55A3EA19-98A9-4AE9-8D85-DC497909DE6C}.Release|Any CPU.Build.0 = Release|Any CPU
		{29FA78CA-3CC5-43C5-9342-07F6CC2D381A}.Debug|Any CPU.ActiveCfg = Debug|Any CPU
		{29FA78CA-3CC5-43C5-9342-07F6CC2D381A}.Debug|Any CPU.Build.0 = Debug|Any CPU
		{29FA78CA-3CC5-43C5-9342-07F6CC2D381A}.Release|Any CPU.ActiveCfg = Release|Any CPU
		{29FA78CA-3CC5-43C5-9342-07F6CC2D381A}.Release|Any CPU.Build.0 = Release|Any CPU
	EndGlobalSection
	GlobalSection(SolutionProperties) = preSolution
		HideSolutionNode = FALSE
	EndGlobalSection
	GlobalSection(ExtensibilityGlobals) = postSolution
		SolutionGuid = {1131F6D0-D7B7-4DFA-8934-A9EABEC92D0F}
	EndGlobalSection
EndGlobal
